{
  "name": "adonis-stripe",
  "version": "1.0.0",
  "lockfileVersion": 1,
  "requires": true,
  "dependencies": {
    "@adonisjs/fold": {
      "version": "4.0.4",
      "resolved": "https://registry.npmjs.org/@adonisjs/fold/-/fold-4.0.4.tgz",
      "integrity": "sha512-5q7szfMgbPqYXH4eclQzyIjlDZjkG4X78rMceIqHRB13Igv0HubqbhgHDGRCAWkAk0RV7W+xw58rreJOAINHNw==",
      "requires": {
        "@adonisjs/generic-exceptions": "1.0.0",
        "caller": "1.0.1",
        "debug": "2.6.8",
        "lodash": "4.17.4",
        "require-stack": "1.0.2"
      }
    },
    "@adonisjs/generic-exceptions": {
      "version": "1.0.0",
      "resolved": "https://registry.npmjs.org/@adonisjs/generic-exceptions/-/generic-exceptions-1.0.0.tgz",
      "integrity": "sha512-Ll9uC1g6jg/P63A+8VkHdP8fUXIPqKxx38fW6W/ZfYawMkreQklQX19Kz3XodwDg32Leqv5DXUZ3JN4JG89vig==",
      "requires": {
        "node-exceptions": "2.0.2",
        "upcast": "1.0.4"
      }
    },
    "acorn": {
      "version": "4.0.13",
      "resolved": "https://registry.npmjs.org/acorn/-/acorn-4.0.13.tgz",
      "integrity": "sha1-EFSVrlNh1pe9GVyCUZLhrX8lN4c="
    },
    "bluebird": {
      "version": "2.11.0",
      "resolved": "https://registry.npmjs.org/bluebird/-/bluebird-2.11.0.tgz",
      "integrity": "sha1-U0uQM8AiyVecVro7Plpcqvu2UOE="
    },
    "caller": {
      "version": "1.0.1",
      "resolved": "https://registry.npmjs.org/caller/-/caller-1.0.1.tgz",
      "integrity": "sha1-uFGGD3Dhlds9J3OVqhp+I+ow7PU="
    },
    "debug": {
      "version": "2.6.8",
      "resolved": "https://registry.npmjs.org/debug/-/debug-2.6.8.tgz",
      "integrity": "sha1-5zFTHKLt4n0YgiJCfaF4IdaP9Pw=",
      "requires": {
        "ms": "2.0.0"
      }
    },
    "lodash": {
      "version": "4.17.4",
      "resolved": "https://registry.npmjs.org/lodash/-/lodash-4.17.4.tgz",
      "integrity": "sha1-eCA6TRwyiuHYbcpkYONptX9AVa4="
    },
    "lodash.isplainobject": {
      "version": "4.0.6",
      "resolved": "https://registry.npmjs.org/lodash.isplainobject/-/lodash.isplainobject-4.0.6.tgz",
      "integrity": "sha1-fFJqUtibRcRcxpC4gWO+BJf1UMs="
    },
    "ms": {
      "version": "2.0.0",
      "resolved": "https://registry.npmjs.org/ms/-/ms-2.0.0.tgz",
      "integrity": "sha1-VgiurfwAvmwpAd9fmGF4jeDVl8g="
    },
    "node-exceptions": {
      "version": "2.0.2",
      "resolved": "https://registry.npmjs.org/node-exceptions/-/node-exceptions-2.0.2.tgz",
      "integrity": "sha512-nILccFLvnaOBoKZZtWfZipn/hlThZOT6UJOLX6SA3yLMYPcvLTIF26PXx73sPnAg45p05iYFYw2jvayNHz4rDA=="
    },
    "object-assign": {
      "version": "4.1.1",
      "resolved": "https://registry.npmjs.org/object-assign/-/object-assign-4.1.1.tgz",
      "integrity": "sha1-IQmtx5ZYh8/AXLvUQsrIv7s2CGM="
    },
    "qs": {
      "version": "6.0.4",
      "resolved": "https://registry.npmjs.org/qs/-/qs-6.0.4.tgz",
      "integrity": "sha1-UQGdhHIMk5uCc36EVWp4Izjs6ns="
    },
    "require-stack": {
      "version": "1.0.2",
      "resolved": "https://registry.npmjs.org/require-stack/-/require-stack-1.0.2.tgz",
      "integrity": "sha1-4A7jSL+Wy1w+LUwntJ5BR24Ill0=",
      "requires": {
        "syntax-error": "1.3.0"
      }
    },
    "stripe": {
      "version": "5.0.0",
      "resolved": "https://registry.npmjs.org/stripe/-/stripe-5.0.0.tgz",
      "integrity": "sha512-kfhIXoNFSH1u+ffEbJhRESfVxOL7rm/ci7IVoyFGBAeV9OsVVqiYWM13K1wnGJL9ZQGXEhd/0p6NfPcWjAZW2w==",
      "requires": {
        "bluebird": "2.11.0",
        "lodash.isplainobject": "4.0.6",
        "object-assign": "4.1.1",
        "qs": "6.0.4"
      }
    },
    "syntax-error": {
      "version": "1.3.0",
      "resolved": "https://registry.npmjs.org/syntax-error/-/syntax-error-1.3.0.tgz",
      "integrity": "sha1-HtkmbE1AvnXcVb+bsct3Biu5bKE=",
      "requires": {
        "acorn": "4.0.13"
      }
    },
    "upcast": {
      "version": "1.0.4",
      "resolved": "https://registry.npmjs.org/upcast/-/upcast-1.0.4.tgz",
      "integrity": "sha1-3fi0wme26j81N+d+HGWUsv0epA8="
    }
  }
}
